// !$*UTF8*$!
{
	archiveVersion = 1;
	classes = {
	};
	objectVersion = 46;
	objects = {

/* Begin PBXBuildFile section */
		2B205FA11A7306F3001D4D09 /* AppDelegate.swift in Sources */ = {isa = PBXBuildFile; fileRef = 2B205FA01A7306F3001D4D09 /* AppDelegate.swift */; };
		2B205FA61A7306F3001D4D09 /* Main.storyboard in Resources */ = {isa = PBXBuildFile; fileRef = 2B205FA41A7306F3001D4D09 /* Main.storyboard */; };
		2B205FA81A7306F3001D4D09 /* Images.xcassets in Resources */ = {isa = PBXBuildFile; fileRef = 2B205FA71A7306F3001D4D09 /* Images.xcassets */; };
		2B205FAB1A7306F3001D4D09 /* LaunchScreen.xib in Resources */ = {isa = PBXBuildFile; fileRef = 2B205FA91A7306F3001D4D09 /* LaunchScreen.xib */; };
		2B205FB71A7306F3001D4D09 /* SlideOutMenuTests.swift in Sources */ = {isa = PBXBuildFile; fileRef = 2B205FB61A7306F3001D4D09 /* SlideOutMenuTests.swift */; };
		2B205FC11A7308C1001D4D09 /* ContainerViewController.swift in Sources */ = {isa = PBXBuildFile; fileRef = 2B205FC01A7308C1001D4D09 /* ContainerViewController.swift */; };
		2B205FC31A730B9C001D4D09 /* LeftViewController.swift in Sources */ = {isa = PBXBuildFile; fileRef = 2B205FC21A730B9C001D4D09 /* LeftViewController.swift */; };
		2B205FC51A7316C3001D4D09 /* SchemaViewController.swift in Sources */ = {isa = PBXBuildFile; fileRef = 2B205FC41A7316C3001D4D09 /* SchemaViewController.swift */; };
/* End PBXBuildFile section */

/* Begin PBXContainerItemProxy section */
		2B205FB11A7306F3001D4D09 /* PBXContainerItemProxy */ = {
			isa = PBXContainerItemProxy;
			containerPortal = 2B205F931A7306F3001D4D09 /* Project object */;
			proxyType = 1;
			remoteGlobalIDString = 2B205F9A1A7306F3001D4D09;
			remoteInfo = SlideOutMenu;
		};
/* End PBXContainerItemProxy section */

/* Begin PBXFileReference section */
		2B205F9B1A7306F3001D4D09 /* SlideOutMenu.app */ = {isa = PBXFileReference; explicitFileType = wrapper.application; includeInIndex = 0; path = SlideOutMenu.app; sourceTree = BUILT_PRODUCTS_DIR; };
		2B205F9F1A7306F3001D4D09 /* Info.plist */ = {isa = PBXFileReference; lastKnownFileType = text.plist.xml; path = Info.plist; sourceTree = "<group>"; };
		2B205FA01A7306F3001D4D09 /* AppDelegate.swift */ = {isa = PBXFileReference; lastKnownFileType = sourcecode.swift; path = AppDelegate.swift; sourceTree = "<group>"; };
		2B205FA51A7306F3001D4D09 /* Base */ = {isa = PBXFileReference; lastKnownFileType = file.storyboard; name = Base; path = Base.lproj/Main.storyboard; sourceTree = "<group>"; };
		2B205FA71A7306F3001D4D09 /* Images.xcassets */ = {isa = PBXFileReference; lastKnownFileType = folder.assetcatalog; path = Images.xcassets; sourceTree = "<group>"; };
		2B205FAA1A7306F3001D4D09 /* Base */ = {isa = PBXFileReference; lastKnownFileType = file.xib; name = Base; path = Base.lproj/LaunchScreen.xib; sourceTree = "<group>"; };
		2B205FB01A7306F3001D4D09 /* SlideOutMenuTests.xctest */ = {isa = PBXFileReference; explicitFileType = wrapper.cfbundle; includeInIndex = 0; path = SlideOutMenuTests.xctest; sourceTree = BUILT_PRODUCTS_DIR; };
		2B205FB51A7306F3001D4D09 /* Info.plist */ = {isa = PBXFileReference; lastKnownFileType = text.plist.xml; path = Info.plist; sourceTree = "<group>"; };
		2B205FB61A7306F3001D4D09 /* SlideOutMenuTests.swift */ = {isa = PBXFileReference; lastKnownFileType = sourcecode.swift; path = SlideOutMenuTests.swift; sourceTree = "<group>"; };
		2B205FC01A7308C1001D4D09 /* ContainerViewController.swift */ = {isa = PBXFileReference; fileEncoding = 4; lastKnownFileType = sourcecode.swift; path = ContainerViewController.swift; sourceTree = "<group>"; };
		2B205FC21A730B9C001D4D09 /* LeftViewController.swift */ = {isa = PBXFileReference; fileEncoding = 4; lastKnownFileType = sourcecode.swift; path = LeftViewController.swift; sourceTree = "<group>"; };
		2B205FC41A7316C3001D4D09 /* SchemaViewController.swift */ = {isa = PBXFileReference; fileEncoding = 4; lastKnownFileType = sourcecode.swift; path = SchemaViewController.swift; sourceTree = "<group>"; };
/* End PBXFileReference section */

/* Begin PBXFrameworksBuildPhase section */
		2B205F981A7306F3001D4D09 /* Frameworks */ = {
			isa = PBXFrameworksBuildPhase;
			buildActionMask = 2147483647;
			files = (
			);
			runOnlyForDeploymentPostprocessing = 0;
		};
		2B205FAD1A7306F3001D4D09 /* Frameworks */ = {
			isa = PBXFrameworksBuildPhase;
			buildActionMask = 2147483647;
			files = (
			);
			runOnlyForDeploymentPostprocessing = 0;
		};
/* End PBXFrameworksBuildPhase section */

/* Begin PBXGroup section */
		2B205F921A7306F3001D4D09 = {
			isa = PBXGroup;
			children = (
				2B205F9D1A7306F3001D4D09 /* SlideOutMenu */,
				2B205FB31A7306F3001D4D09 /* SlideOutMenuTests */,
				2B205F9C1A7306F3001D4D09 /* Products */,
			);
			sourceTree = "<group>";
		};
		2B205F9C1A7306F3001D4D09 /* Products */ = {
			isa = PBXGroup;
			children = (
				2B205F9B1A7306F3001D4D09 /* SlideOutMenu.app */,
				2B205FB01A7306F3001D4D09 /* SlideOutMenuTests.xctest */,
			);
			name = Products;
			sourceTree = "<group>";
		};
		2B205F9D1A7306F3001D4D09 /* SlideOutMenu */ = {
			isa = PBXGroup;
			children = (
				2B205FA01A7306F3001D4D09 /* AppDelegate.swift */,
				2B205FC01A7308C1001D4D09 /* ContainerViewController.swift */,
				2B205FC41A7316C3001D4D09 /* SchemaViewController.swift */,
				2B205FC21A730B9C001D4D09 /* LeftViewController.swift */,
				2B205FA41A7306F3001D4D09 /* Main.storyboard */,
				2B205FA91A7306F3001D4D09 /* LaunchScreen.xib */,
				2B205FA71A7306F3001D4D09 /* Images.xcassets */,
				2B205F9E1A7306F3001D4D09 /* Supporting Files */,
			);
			path = SlideOutMenu;
			sourceTree = "<group>";
		};
		2B205F9E1A7306F3001D4D09 /* Supporting Files */ = {
			isa = PBXGroup;
			children = (
				2B205F9F1A7306F3001D4D09 /* Info.plist */,
			);
			name = "Supporting Files";
			sourceTree = "<group>";
		};
		2B205FB31A7306F3001D4D09 /* SlideOutMenuTests */ = {
			isa = PBXGroup;
			children = (
				2B205FB61A7306F3001D4D09 /* SlideOutMenuTests.swift */,
				2B205FB41A7306F3001D4D09 /* Supporting Files */,
			);
			path = SlideOutMenuTests;
			sourceTree = "<group>";
		};
		2B205FB41A7306F3001D4D09 /* Supporting Files */ = {
			isa = PBXGroup;
			children = (
				2B205FB51A7306F3001D4D09 /* Info.plist */,
			);
			name = "Supporting Files";
			sourceTree = "<group>";
		};
/* End PBXGroup section */

/* Begin PBXNativeTarget section */
		2B205F9A1A7306F3001D4D09 /* SlideOutMenu */ = {
			isa = PBXNativeTarget;
			buildConfigurationList = 2B205FBA1A7306F3001D4D09 /* Build configuration list for PBXNativeTarget "SlideOutMenu" */;
			buildPhases = (
				2B205F971A7306F3001D4D09 /* Sources */,
				2B205F981A7306F3001D4D09 /* Frameworks */,
				2B205F991A7306F3001D4D09 /* Resources */,
			);
			buildRules = (
			);
			dependencies = (
			);
			name = SlideOutMenu;
			productName = SlideOutMenu;
			productReference = 2B205F9B1A7306F3001D4D09 /* SlideOutMenu.app */;
			productType = "com.apple.product-type.application";
		};
		2B205FAF1A7306F3001D4D09 /* SlideOutMenuTests */ = {
			isa = PBXNativeTarget;
			buildConfigurationList = 2B205FBD1A7306F3001D4D09 /* Build configuration list for PBXNativeTarget "SlideOutMenuTests" */;
			buildPhases = (
				2B205FAC1A7306F3001D4D09 /* Sources */,
				2B205FAD1A7306F3001D4D09 /* Frameworks */,
				2B205FAE1A7306F3001D4D09 /* Resources */,
			);
			buildRules = (
			);
			dependencies = (
				2B205FB21A7306F3001D4D09 /* PBXTargetDependency */,
			);
			name = SlideOutMenuTests;
			productName = SlideOutMenuTests;
			productReference = 2B205FB01A7306F3001D4D09 /* SlideOutMenuTests.xctest */;
			productType = "com.apple.product-type.bundle.unit-test";
		};
/* End PBXNativeTarget section */

/* Begin PBXProject section */
		2B205F931A7306F3001D4D09 /* Project object */ = {
			isa = PBXProject;
			attributes = {
				LastUpgradeCheck = 0610;
				ORGANIZATIONNAME = kj;
				TargetAttributes = {
					2B205F9A1A7306F3001D4D09 = {
						CreatedOnToolsVersion = 6.1.1;
					};
					2B205FAF1A7306F3001D4D09 = {
						CreatedOnToolsVersion = 6.1.1;
						TestTargetID = 2B205F9A1A7306F3001D4D09;
					};
				};
			};
			buildConfigurationList = 2B205F961A7306F3001D4D09 /* Build configuration list for PBXProject "SlideOutMenu" */;
			compatibilityVersion = "Xcode 3.2";
			developmentRegion = English;
			hasScannedForEncodings = 0;
			knownRegions = (
				en,
				Base,
			);
			mainGroup = 2B205F921A7306F3001D4D09;
			productRefGroup = 2B205F9C1A7306F3001D4D09 /* Products */;
			projectDirPath = "";
			projectRoot = "";
			targets = (
				2B205F9A1A7306F3001D4D09 /* SlideOutMenu */,
				2B205FAF1A7306F3001D4D09 /* SlideOutMenuTests */,
			);
		};
/* End PBXProject section */

/* Begin PBXResourcesBuildPhase section */
		2B205F991A7306F3001D4D09 /* Resources */ = {
			isa = PBXResourcesBuildPhase;
			buildActionMask = 2147483647;
			files = (
				2B205FA61A7306F3001D4D09 /* Main.storyboard in Resources */,
				2B205FAB1A7306F3001D4D09 /* LaunchScreen.xib in Resources */,
				2B205FA81A7306F3001D4D09 /* Images.xcassets in Resources */,
			);
			runOnlyForDeploymentPostprocessing = 0;
		};
		2B205FAE1A7306F3001D4D09 /* Resources */ = {
			isa = PBXResourcesBuildPhase;
			buildActionMask = 2147483647;
			files = (
			);
			runOnlyForDeploymentPostprocessing = 0;
		};
/* End PBXResourcesBuildPhase section */

/* Begin PBXSourcesBuildPhase section */
		2B205F971A7306F3001D4D09 /* Sources */ = {
			isa = PBXSourcesBuildPhase;
			buildActionMask = 2147483647;
			files = (
				2B205FC31A730B9C001D4D09 /* LeftViewController.swift in Sources */,
				2B205FC51A7316C3001D4D09 /* SchemaViewController.swift in Sources */,
				2B205FC11A7308C1001D4D09 /* ContainerViewController.swift in Sources */,
				2B205FA11A7306F3001D4D09 /* AppDelegate.swift in Sources */,
			);
			runOnlyForDeploymentPostprocessing = 0;
		};
		2B205FAC1A7306F3001D4D09 /* Sources */ = {
			isa = PBXSourcesBuildPhase;
			buildActionMask = 2147483647;
			files = (
				2B205FB71A7306F3001D4D09 /* SlideOutMenuTests.swift in Sources */,
			);
			runOnlyForDeploymentPostprocessing = 0;
		};
/* End PBXSourcesBuildPhase section */

/* Begin PBXTargetDependency section */
		2B205FB21A7306F3001D4D09 /* PBXTargetDependency */ = {
			isa = PBXTargetDependency;
			target = 2B205F9A1A7306F3001D4D09 /* SlideOutMenu */;
			targetProxy = 2B205FB11A7306F3001D4D09 /* PBXContainerItemProxy */;
		};
/* End PBXTargetDependency section */

/* Begin PBXVariantGroup section */
		2B205FA41A7306F3001D4D09 /* Main.storyboard */ = {
			isa = PBXVariantGroup;
			children = (
				2B205FA51A7306F3001D4D09 /* Base */,
			);
			name = Main.storyboard;
			sourceTree = "<group>";
		};
		2B205FA91A7306F3001D4D09 /* LaunchScreen.xib */ = {
			isa = PBXVariantGroup;
			children = (
				2B205FAA1A7306F3001D4D09 /* Base */,
			);
			name = LaunchScreen.xib;
			sourceTree = "<group>";
		};
/* End PBXVariantGroup section */

/* Begin XCBuildConfiguration section */
		2B205FB81A7306F3001D4D09 /* Debug */ = {
			isa = XCBuildConfiguration;
			buildSettings = {
				ALWAYS_SEARCH_USER_PATHS = NO;
				CLANG_CXX_LANGUAGE_STANDARD = "gnu++0x";
				CLANG_CXX_LIBRARY = "libc++";
				CLANG_ENABLE_MODULES = YES;
				CLANG_ENABLE_OBJC_ARC = YES;
				CLANG_WARN_BOOL_CONVERSION = YES;
				CLANG_WARN_CONSTANT_CONVERSION = YES;
				CLANG_WARN_DIRECT_OBJC_ISA_USAGE = YES_ERROR;
				CLANG_WARN_EMPTY_BODY = YES;
				CLANG_WARN_ENUM_CONVERSION = YES;
				CLANG_WARN_INT_CONVERSION = YES;
				CLANG_WARN_OBJC_ROOT_CLASS = YES_ERROR;
				CLANG_WARN_UNREACHABLE_CODE = YES;
				CLANG_WARN__DUPLICATE_METHOD_MATCH = YES;
				"CODE_SIGN_IDENTITY[sdk=iphoneos*]" = "iPhone Developer";
				COPY_PHASE_STRIP = NO;
				ENABLE_STRICT_OBJC_MSGSEND = YES;
				GCC_C_LANGUAGE_STANDARD = gnu99;
				GCC_DYNAMIC_NO_PIC = NO;
				GCC_OPTIMIZATION_LEVEL = 0;
				GCC_PREPROCESSOR_DEFINITIONS = (
					"DEBUG=1",
					"$(inherited)",
				);
				GCC_SYMBOLS_PRIVATE_EXTERN = NO;
				GCC_WARN_64_TO_32_BIT_CONVERSION = YES;
				GCC_WARN_ABOUT_RETURN_TYPE = YES_ERROR;
				GCC_WARN_UNDECLARED_SELECTOR = YES;
				GCC_WARN_UNINITIALIZED_AUTOS = YES_AGGRESSIVE;
				GCC_WARN_UNUSED_FUNCTION = YES;
				GCC_WARN_UNUSED_VARIABLE = YES;
				IPHONEOS_DEPLOYMENT_TARGET = 8.1;
				MTL_ENABLE_DEBUG_INFO = YES;
				ONLY_ACTIVE_ARCH = YES;
				SDKROOT = iphoneos;
				SWIFT_OPTIMIZATION_LEVEL = "-Onone";
			};
			name = Debug;
		};
		2B205FB91A7306F3001D4D09 /* Release */ = {
			isa = XCBuildConfiguration;
			buildSettings = {
				ALWAYS_SEARCH_USER_PATHS = NO;
				CLANG_CXX_LANGUAGE_STANDARD = "gnu++0x";
				CLANG_CXX_LIBRARY = "libc++";
				CLANG_ENABLE_MODULES = YES;
				CLANG_ENABLE_OBJC_ARC = YES;
				CLANG_WARN_BOOL_CONVERSION = YES;
				CLANG_WARN_CONSTANT_CONVERSION = YES;
				CLANG_WARN_DIRECT_OBJC_ISA_USAGE = YES_ERROR;
				CLANG_WARN_EMPTY_BODY = YES;
				CLANG_WARN_ENUM_CONVERSION = YES;
				CLANG_WARN_INT_CONVERSION = YES;
				CLANG_WARN_OBJC_ROOT_CLASS = YES_ERROR;
				CLANG_WARN_UNREACHABLE_CODE = YES;
				CLANG_WARN__DUPLICATE_METHOD_MATCH = YES;
				"CODE_SIGN_IDENTITY[sdk=iphoneos*]" = "iPhone Developer";
				COPY_PHASE_STRIP = YES;
				ENABLE_NS_ASSERTIONS = NO;
				ENABLE_STRICT_OBJC_MSGSEND = YES;
				GCC_C_LANGUAGE_STANDARD = gnu99;
				GCC_WARN_64_TO_32_BIT_CONVERSION = YES;
				GCC_WARN_ABOUT_RETURN_TYPE = YES_ERROR;
				GCC_WARN_UNDECLARED_SELECTOR = YES;
				GCC_WARN_UNINITIALIZED_AUTOS = YES_AGGRESSIVE;
				GCC_WARN_UNUSED_FUNCTION = YES;
				GCC_WARN_UNUSED_VARIABLE = YES;
				IPHONEOS_DEPLOYMENT_TARGET = 8.1;
				MTL_ENABLE_DEBUG_INFO = NO;
				SDKROOT = iphoneos;
				VALIDATE_PRODUCT = YES;
			};
			name = Release;
		};
		2B205FBB1A7306F3001D4D09 /* Debug */ = {
			isa = XCBuildConfiguration;
			buildSettings = {
				ASSETCATALOG_COMPILER_APPICON_NAME = AppIcon;
				INFOPLIST_FILE = SlideOutMenu/Info.plist;
				LD_RUNPATH_SEARCH_PATHS = "$(inherited) @executable_path/Frameworks";
				PRODUCT_NAME = "$(TARGET_NAME)";
			};
			name = Debug;
		};
		2B205FBC1A7306F3001D4D09 /* Release */ = {
			isa = XCBuildConfiguration;
			buildSettings = {
				ASSETCATALOG_COMPILER_APPICON_NAME = AppIcon;
				INFOPLIST_FILE = SlideOutMenu/Info.plist;
				LD_RUNPATH_SEARCH_PATHS = "$(inherited) @executable_path/Frameworks";
				PRODUCT_NAME = "$(TARGET_NAME)";
			};
			name = Release;
		};
		2B205FBE1A7306F3001D4D09 /* Debug */ = {
			isa = XCBuildConfiguration;
			buildSettings = {
				BUNDLE_LOADER = "$(TEST_HOST)";
				FRAMEWORK_SEARCH_PATHS = (
					"$(SDKROOT)/Developer/Library/Frameworks",
					"$(inherited)",
				);
				GCC_PREPROCESSOR_DEFINITIONS = (
					"DEBUG=1",
					"$(inherited)",
				);
				INFOPLIST_FILE = SlideOutMenuTests/Info.plist;
				LD_RUNPATH_SEARCH_PATHS = "$(inherited) @executable_path/Frameworks @loader_path/Frameworks";
				PRODUCT_NAME = "$(TARGET_NAME)";
				TEST_HOST = "$(BUILT_PRODUCTS_DIR)/SlideOutMenu.app/SlideOutMenu";
			};
			name = Debug;
		};
		2B205FBF1A7306F3001D4D09 /* Release */ = {
			isa = XCBuildConfiguration;
			buildSettings = {
				BUNDLE_LOADER = "$(TEST_HOST)";
				FRAMEWORK_SEARCH_PATHS = (
					"$(SDKROOT)/Developer/Library/Frameworks",
					"$(inherited)",
				);
				INFOPLIST_FILE = SlideOutMenuTests/Info.plist;
				LD_RUNPATH_SEARCH_PATHS = "$(inherited) @executable_path/Frameworks @loader_path/Frameworks";
				PRODUCT_NAME = "$(TARGET_NAME)";
				TEST_HOST = "$(BUILT_PRODUCTS_DIR)/SlideOutMenu.app/SlideOutMenu";
			};
			name = Release;
		};
/* End XCBuildConfiguration section */

/* Begin XCConfigurationList section */
		2B205F961A7306F3001D4D09 /* Build configuration list for PBXProject "SlideOutMenu" */ = {
			isa = XCConfigurationList;
			buildConfigurations = (
				2B205FB81A7306F3001D4D09 /* Debug */,
				2B205FB91A7306F3001D4D09 /* Release */,
			);
			defaultConfigurationIsVisible = 0;
			defaultConfigurationName = Release;
		};
		2B205FBA1A7306F3001D4D09 /* Build configuration list for PBXNativeTarget "SlideOutMenu" */ = {
			isa = XCConfigurationList;
			buildConfigurations = (
				2B205FBB1A7306F3001D4D09 /* Debug */,
				2B205FBC1A7306F3001D4D09 /* Release */,
			);
			defaultConfigurationIsVisible = 0;
		};
		2B205FBD1A7306F3001D4D09 /* Build configuration list for PBXNativeTarget "SlideOutMenuTests" */ = {
			isa = XCConfigurationList;
			buildConfigurations = (
				2B205FBE1A7306F3001D4D09 /* Debug */,
				2B205FBF1A7306F3001D4D09 /* Release */,
			);
			defaultConfigurationIsVisible = 0;
		};
/* End XCConfigurationList section */
	};
	rootObject = 2B205F931A7306F3001D4D09 /* Project object */;
}
